
Microsoft Visual Studio Solution File, Format Version 12.00
# Visual Studio Version 17
VisualStudioVersion = 17.13.35919.96 d17.13
MinimumVisualStudioVersion = 10.0.40219.1
Project("{FAE04EC0-301F-11D3-BF4B-00C04F79EFBC}") = "DSSanPham", "DSSanPham\DSSanPham.csproj", "{EABC0382-B289-43B9-83D9-70A2D2E2D008}"
EndProject
Global
	GlobalSection(SolutionConfigurationPlatforms) = preSolution
		Debug|Any CPU = Debug|Any CPU
		Release|Any CPU = Release|Any CPU
	EndGlobalSection
	GlobalSection(ProjectConfigurationPlatforms) = postSolution
		{EABC0382-B289-43B9-83D9-70A2D2E2D008}.Debug|Any CPU.ActiveCfg = Debug|Any CPU
		{EABC0382-B289-43B9-83D9-70A2D2E2D008}.Debug|Any CPU.Build.0 = Debug|Any CPU
		{EABC0382-B289-43B9-83D9-70A2D2E2D008}.Release|Any CPU.ActiveCfg = Release|Any CPU
		{EABC0382-B289-43B9-83D9-70A2D2E2D008}.Release|Any CPU.Build.0 = Release|Any CPU
	EndGlobalSection
	GlobalSection(SolutionProperties) = preSolution
		HideSolutionNode = FALSE
	EndGlobalSection
	GlobalSection(ExtensibilityGlobals) = postSolution
		SolutionGuid = {CE5502E0-E2C8-4A8D-9FE0-8280E3BE884B}
	EndGlobalSection
EndGlobal
